
Microsoft Visual Studio Solution File, Format Version 12.00
# Visual Studio Version 16
VisualStudioVersion = 16.0.30114.105
MinimumVisualStudioVersion = 10.0.40219.1
Project("{FAE04EC0-301F-11D3-BF4B-00C04F79EFBC}") = "WeAreAnonymous", "WeAreAnonymous\WeAreAnonymous.csproj", "{89792228-3D3C-49AE-B7C4-601997F6FFE4}"
EndProject
Global
	GlobalSection(SolutionConfigurationPlatforms) = preSolution
		Debug|Any CPU = Debug|Any CPU
		Release|Any CPU = Release|Any CPU
	EndGlobalSection
	GlobalSection(ProjectConfigurationPlatforms) = postSolution
		{89792228-3D3C-49AE-B7C4-601997F6FFE4}.Debug|Any CPU.ActiveCfg = Debug|Any CPU
		{89792228-3D3C-49AE-B7C4-601997F6FFE4}.Debug|Any CPU.Build.0 = Debug|Any CPU
		{89792228-3D3C-49AE-B7C4-601997F6FFE4}.Release|Any CPU.ActiveCfg = Release|Any CPU
		{89792228-3D3C-49AE-B7C4-601997F6FFE4}.Release|Any CPU.Build.0 = Release|Any CPU
	EndGlobalSection
	GlobalSection(SolutionProperties) = preSolution
		HideSolutionNode = FALSE
	EndGlobalSection
	GlobalSection(ExtensibilityGlobals) = postSolution
		SolutionGuid = {0E722958-1607-4DDB-ACB7-A6C457E0D75F}
	EndGlobalSection
EndGlobal
